
Microsoft Visual Studio Solution File, Format Version 12.00
# Visual Studio Version 17
VisualStudioVersion = 17.5.33502.453
MinimumVisualStudioVersion = 10.0.40219.1
Project("{FAE04EC0-301F-11D3-BF4B-00C04F79EFBC}") = "Cine.Shared", "Cine.Shared\Cine.Shared.csproj", "{EBB7A95C-CCB0-4BB7-A80A-A0AB9B030157}"
EndProject
Project("{FAE04EC0-301F-11D3-BF4B-00C04F79EFBC}") = "Cine.API", "Cine.API\Cine.API.csproj", "{252FFF3E-4F3D-4B92-88EE-1E4EDED784FB}"
EndProject
Project("{FAE04EC0-301F-11D3-BF4B-00C04F79EFBC}") = "Cine.Web", "Cine.Web\Cine.Web.csproj", "{64BA2BA3-65DA-4021-9D22-C6815A97C6A3}"
EndProject
Global
	GlobalSection(SolutionConfigurationPlatforms) = preSolution
		Debug|Any CPU = Debug|Any CPU
		Release|Any CPU = Release|Any CPU
	EndGlobalSection
	GlobalSection(ProjectConfigurationPlatforms) = postSolution
		{EBB7A95C-CCB0-4BB7-A80A-A0AB9B030157}.Debug|Any CPU.ActiveCfg = Debug|Any CPU
		{EBB7A95C-CCB0-4BB7-A80A-A0AB9B030157}.Debug|Any CPU.Build.0 = Debug|Any CPU
		{EBB7A95C-CCB0-4BB7-A80A-A0AB9B030157}.Release|Any CPU.ActiveCfg = Release|Any CPU
		{EBB7A95C-CCB0-4BB7-A80A-A0AB9B030157}.Release|Any CPU.Build.0 = Release|Any CPU
		{252FFF3E-4F3D-4B92-88EE-1E4EDED784FB}.Debug|Any CPU.ActiveCfg = Debug|Any CPU
		{252FFF3E-4F3D-4B92-88EE-1E4EDED784FB}.Debug|Any CPU.Build.0 = Debug|Any CPU
		{252FFF3E-4F3D-4B92-88EE-1E4EDED784FB}.Release|Any CPU.ActiveCfg = Release|Any CPU
		{252FFF3E-4F3D-4B92-88EE-1E4EDED784FB}.Release|Any CPU.Build.0 = Release|Any CPU
		{64BA2BA3-65DA-4021-9D22-C6815A97C6A3}.Debug|Any CPU.ActiveCfg = Debug|Any CPU
		{64BA2BA3-65DA-4021-9D22-C6815A97C6A3}.Debug|Any CPU.Build.0 = Debug|Any CPU
		{64BA2BA3-65DA-4021-9D22-C6815A97C6A3}.Release|Any CPU.ActiveCfg = Release|Any CPU
		{64BA2BA3-65DA-4021-9D22-C6815A97C6A3}.Release|Any CPU.Build.0 = Release|Any CPU
	EndGlobalSection
	GlobalSection(SolutionProperties) = preSolution
		HideSolutionNode = FALSE
	EndGlobalSection
	GlobalSection(ExtensibilityGlobals) = postSolution
		SolutionGuid = {5B14F159-63D3-426B-AD5B-AD84E3AF0545}
	EndGlobalSection
EndGlobal
